// !$*UTF8*$!
{
	archiveVersion = 1;
	classes = {
	};
	objectVersion = 46;
	objects = {

/* Begin PBXBuildFile section */
		A711D9301D1ADD6C0097A9EC /* AppDelegate.swift in Sources */ = {isa = PBXBuildFile; fileRef = A711D92F1D1ADD6C0097A9EC /* AppDelegate.swift */; };
		A711D9321D1ADD6C0097A9EC /* HomeViewController.swift in Sources */ = {isa = PBXBuildFile; fileRef = A711D9311D1ADD6C0097A9EC /* HomeViewController.swift */; };
		A711D9351D1ADD6C0097A9EC /* Main.storyboard in Resources */ = {isa = PBXBuildFile; fileRef = A711D9331D1ADD6C0097A9EC /* Main.storyboard */; };
		A711D9371D1ADD6D0097A9EC /* Images.xcassets in Resources */ = {isa = PBXBuildFile; fileRef = A711D9361D1ADD6D0097A9EC /* Images.xcassets */; };
		A711D93A1D1ADD6D0097A9EC /* LaunchScreen.xib in Resources */ = {isa = PBXBuildFile; fileRef = A711D9381D1ADD6D0097A9EC /* LaunchScreen.xib */; };
		A711D9461D1ADD6D0097A9EC /* tipsTests.swift in Sources */ = {isa = PBXBuildFile; fileRef = A711D9451D1ADD6D0097A9EC /* tipsTests.swift */; };
		A711D9501D1AF99A0097A9EC /* SettingsViewController.swift in Sources */ = {isa = PBXBuildFile; fileRef = A711D94F1D1AF99A0097A9EC /* SettingsViewController.swift */; };
		A711D9531D1B1CBF0097A9EC /* constants.swift in Sources */ = {isa = PBXBuildFile; fileRef = A711D9521D1B1CBF0097A9EC /* constants.swift */; };
/* End PBXBuildFile section */

/* Begin PBXContainerItemProxy section */
		A711D9401D1ADD6D0097A9EC /* PBXContainerItemProxy */ = {
			isa = PBXContainerItemProxy;
			containerPortal = A711D9221D1ADD6C0097A9EC /* Project object */;
			proxyType = 1;
			remoteGlobalIDString = A711D9291D1ADD6C0097A9EC;
			remoteInfo = tips;
		};
/* End PBXContainerItemProxy section */

/* Begin PBXFileReference section */
		A711D92A1D1ADD6C0097A9EC /* tips.app */ = {isa = PBXFileReference; explicitFileType = wrapper.application; includeInIndex = 0; path = tips.app; sourceTree = BUILT_PRODUCTS_DIR; };
		A711D92E1D1ADD6C0097A9EC /* Info.plist */ = {isa = PBXFileReference; lastKnownFileType = text.plist.xml; path = Info.plist; sourceTree = "<group>"; };
		A711D92F1D1ADD6C0097A9EC /* AppDelegate.swift */ = {isa = PBXFileReference; lastKnownFileType = sourcecode.swift; path = AppDelegate.swift; sourceTree = "<group>"; };
		A711D9311D1ADD6C0097A9EC /* HomeViewController.swift */ = {isa = PBXFileReference; lastKnownFileType = sourcecode.swift; path = HomeViewController.swift; sourceTree = "<group>"; };
		A711D9341D1ADD6C0097A9EC /* Base */ = {isa = PBXFileReference; lastKnownFileType = file.storyboard; name = Base; path = Base.lproj/Main.storyboard; sourceTree = "<group>"; };
		A711D9361D1ADD6D0097A9EC /* Images.xcassets */ = {isa = PBXFileReference; lastKnownFileType = folder.assetcatalog; path = Images.xcassets; sourceTree = "<group>"; };
		A711D9391D1ADD6D0097A9EC /* Base */ = {isa = PBXFileReference; lastKnownFileType = file.xib; name = Base; path = Base.lproj/LaunchScreen.xib; sourceTree = "<group>"; };
		A711D93F1D1ADD6D0097A9EC /* tipsTests.xctest */ = {isa = PBXFileReference; explicitFileType = wrapper.cfbundle; includeInIndex = 0; path = tipsTests.xctest; sourceTree = BUILT_PRODUCTS_DIR; };
		A711D9441D1ADD6D0097A9EC /* Info.plist */ = {isa = PBXFileReference; lastKnownFileType = text.plist.xml; path = Info.plist; sourceTree = "<group>"; };
		A711D9451D1ADD6D0097A9EC /* tipsTests.swift */ = {isa = PBXFileReference; lastKnownFileType = sourcecode.swift; path = tipsTests.swift; sourceTree = "<group>"; };
		A711D94F1D1AF99A0097A9EC /* SettingsViewController.swift */ = {isa = PBXFileReference; fileEncoding = 4; lastKnownFileType = sourcecode.swift; path = SettingsViewController.swift; sourceTree = "<group>"; };
		A711D9521D1B1CBF0097A9EC /* constants.swift */ = {isa = PBXFileReference; fileEncoding = 4; lastKnownFileType = sourcecode.swift; path = constants.swift; sourceTree = "<group>"; };
/* End PBXFileReference section */

/* Begin PBXFrameworksBuildPhase section */
		A711D9271D1ADD6C0097A9EC /* Frameworks */ = {
			isa = PBXFrameworksBuildPhase;
			buildActionMask = 2147483647;
			files = (
			);
			runOnlyForDeploymentPostprocessing = 0;
		};
		A711D93C1D1ADD6D0097A9EC /* Frameworks */ = {
			isa = PBXFrameworksBuildPhase;
			buildActionMask = 2147483647;
			files = (
			);
			runOnlyForDeploymentPostprocessing = 0;
		};
/* End PBXFrameworksBuildPhase section */

/* Begin PBXGroup section */
		A711D9211D1ADD6C0097A9EC = {
			isa = PBXGroup;
			children = (
				A711D92C1D1ADD6C0097A9EC /* tips */,
				A711D9421D1ADD6D0097A9EC /* tipsTests */,
				A711D92B1D1ADD6C0097A9EC /* Products */,
			);
			sourceTree = "<group>";
		};
		A711D92B1D1ADD6C0097A9EC /* Products */ = {
			isa = PBXGroup;
			children = (
				A711D92A1D1ADD6C0097A9EC /* tips.app */,
				A711D93F1D1ADD6D0097A9EC /* tipsTests.xctest */,
			);
			name = Products;
			sourceTree = "<group>";
		};
		A711D92C1D1ADD6C0097A9EC /* tips */ = {
			isa = PBXGroup;
			children = (
				A711D9521D1B1CBF0097A9EC /* constants.swift */,
				A711D92F1D1ADD6C0097A9EC /* AppDelegate.swift */,
				A711D9311D1ADD6C0097A9EC /* HomeViewController.swift */,
				A711D94F1D1AF99A0097A9EC /* SettingsViewController.swift */,
				A711D9331D1ADD6C0097A9EC /* Main.storyboard */,
				A711D9361D1ADD6D0097A9EC /* Images.xcassets */,
				A711D9381D1ADD6D0097A9EC /* LaunchScreen.xib */,
				A711D92D1D1ADD6C0097A9EC /* Supporting Files */,
			);
			path = tips;
			sourceTree = "<group>";
		};
		A711D92D1D1ADD6C0097A9EC /* Supporting Files */ = {
			isa = PBXGroup;
			children = (
				A711D92E1D1ADD6C0097A9EC /* Info.plist */,
			);
			name = "Supporting Files";
			sourceTree = "<group>";
		};
		A711D9421D1ADD6D0097A9EC /* tipsTests */ = {
			isa = PBXGroup;
			children = (
				A711D9451D1ADD6D0097A9EC /* tipsTests.swift */,
				A711D9431D1ADD6D0097A9EC /* Supporting Files */,
			);
			path = tipsTests;
			sourceTree = "<group>";
		};
		A711D9431D1ADD6D0097A9EC /* Supporting Files */ = {
			isa = PBXGroup;
			children = (
				A711D9441D1ADD6D0097A9EC /* Info.plist */,
			);
			name = "Supporting Files";
			sourceTree = "<group>";
		};
/* End PBXGroup section */

/* Begin PBXNativeTarget section */
		A711D9291D1ADD6C0097A9EC /* tips */ = {
			isa = PBXNativeTarget;
			buildConfigurationList = A711D9491D1ADD6D0097A9EC /* Build configuration list for PBXNativeTarget "tips" */;
			buildPhases = (
				A711D9261D1ADD6C0097A9EC /* Sources */,
				A711D9271D1ADD6C0097A9EC /* Frameworks */,
				A711D9281D1ADD6C0097A9EC /* Resources */,
			);
			buildRules = (
			);
			dependencies = (
			);
			name = tips;
			productName = tips;
			productReference = A711D92A1D1ADD6C0097A9EC /* tips.app */;
			productType = "com.apple.product-type.application";
		};
		A711D93E1D1ADD6D0097A9EC /* tipsTests */ = {
			isa = PBXNativeTarget;
			buildConfigurationList = A711D94C1D1ADD6D0097A9EC /* Build configuration list for PBXNativeTarget "tipsTests" */;
			buildPhases = (
				A711D93B1D1ADD6D0097A9EC /* Sources */,
				A711D93C1D1ADD6D0097A9EC /* Frameworks */,
				A711D93D1D1ADD6D0097A9EC /* Resources */,
			);
			buildRules = (
			);
			dependencies = (
				A711D9411D1ADD6D0097A9EC /* PBXTargetDependency */,
			);
			name = tipsTests;
			productName = tipsTests;
			productReference = A711D93F1D1ADD6D0097A9EC /* tipsTests.xctest */;
			productType = "com.apple.product-type.bundle.unit-test";
		};
/* End PBXNativeTarget section */

/* Begin PBXProject section */
		A711D9221D1ADD6C0097A9EC /* Project object */ = {
			isa = PBXProject;
			attributes = {
				LastSwiftMigration = 0730;
				LastSwiftUpdateCheck = 0730;
				LastUpgradeCheck = 0610;
				ORGANIZATIONNAME = kietchau;
				TargetAttributes = {
					A711D9291D1ADD6C0097A9EC = {
						CreatedOnToolsVersion = 6.1.1;
					};
					A711D93E1D1ADD6D0097A9EC = {
						CreatedOnToolsVersion = 6.1.1;
						TestTargetID = A711D9291D1ADD6C0097A9EC;
					};
				};
			};
			buildConfigurationList = A711D9251D1ADD6C0097A9EC /* Build configuration list for PBXProject "tips" */;
			compatibilityVersion = "Xcode 3.2";
			developmentRegion = English;
			hasScannedForEncodings = 0;
			knownRegions = (
				en,
				Base,
			);
			mainGroup = A711D9211D1ADD6C0097A9EC;
			productRefGroup = A711D92B1D1ADD6C0097A9EC /* Products */;
			projectDirPath = "";
			projectRoot = "";
			targets = (
				A711D9291D1ADD6C0097A9EC /* tips */,
				A711D93E1D1ADD6D0097A9EC /* tipsTests */,
			);
		};
/* End PBXProject section */

/* Begin PBXResourcesBuildPhase section */
		A711D9281D1ADD6C0097A9EC /* Resources */ = {
			isa = PBXResourcesBuildPhase;
			buildActionMask = 2147483647;
			files = (
				A711D9351D1ADD6C0097A9EC /* Main.storyboard in Resources */,
				A711D93A1D1ADD6D0097A9EC /* LaunchScreen.xib in Resources */,
				A711D9371D1ADD6D0097A9EC /* Images.xcassets in Resources */,
			);
			runOnlyForDeploymentPostprocessing = 0;
		};
		A711D93D1D1ADD6D0097A9EC /* Resources */ = {
			isa = PBXResourcesBuildPhase;
			buildActionMask = 2147483647;
			files = (
			);
			runOnlyForDeploymentPostprocessing = 0;
		};
/* End PBXResourcesBuildPhase section */

/* Begin PBXSourcesBuildPhase section */
		A711D9261D1ADD6C0097A9EC /* Sources */ = {
			isa = PBXSourcesBuildPhase;
			buildActionMask = 2147483647;
			files = (
				A711D9321D1ADD6C0097A9EC /* HomeViewController.swift in Sources */,
				A711D9301D1ADD6C0097A9EC /* AppDelegate.swift in Sources */,
				A711D9501D1AF99A0097A9EC /* SettingsViewController.swift in Sources */,
				A711D9531D1B1CBF0097A9EC /* constants.swift in Sources */,
			);
			runOnlyForDeploymentPostprocessing = 0;
		};
		A711D93B1D1ADD6D0097A9EC /* Sources */ = {
			isa = PBXSourcesBuildPhase;
			buildActionMask = 2147483647;
			files = (
				A711D9461D1ADD6D0097A9EC /* tipsTests.swift in Sources */,
			);
			runOnlyForDeploymentPostprocessing = 0;
		};
/* End PBXSourcesBuildPhase section */

/* Begin PBXTargetDependency section */
		A711D9411D1ADD6D0097A9EC /* PBXTargetDependency */ = {
			isa = PBXTargetDependency;
			target = A711D9291D1ADD6C0097A9EC /* tips */;
			targetProxy = A711D9401D1ADD6D0097A9EC /* PBXContainerItemProxy */;
		};
/* End PBXTargetDependency section */

/* Begin PBXVariantGroup section */
		A711D9331D1ADD6C0097A9EC /* Main.storyboard */ = {
			isa = PBXVariantGroup;
			children = (
				A711D9341D1ADD6C0097A9EC /* Base */,
			);
			name = Main.storyboard;
			sourceTree = "<group>";
		};
		A711D9381D1ADD6D0097A9EC /* LaunchScreen.xib */ = {
			isa = PBXVariantGroup;
			children = (
				A711D9391D1ADD6D0097A9EC /* Base */,
			);
			name = LaunchScreen.xib;
			sourceTree = "<group>";
		};
/* End PBXVariantGroup section */

/* Begin XCBuildConfiguration section */
		A711D9471D1ADD6D0097A9EC /* Debug */ = {
			isa = XCBuildConfiguration;
			buildSettings = {
				ALWAYS_SEARCH_USER_PATHS = NO;
				CLANG_CXX_LANGUAGE_STANDARD = "gnu++0x";
				CLANG_CXX_LIBRARY = "libc++";
				CLANG_ENABLE_MODULES = YES;
				CLANG_ENABLE_OBJC_ARC = YES;
				CLANG_WARN_BOOL_CONVERSION = YES;
				CLANG_WARN_CONSTANT_CONVERSION = YES;
				CLANG_WARN_DIRECT_OBJC_ISA_USAGE = YES_ERROR;
				CLANG_WARN_EMPTY_BODY = YES;
				CLANG_WARN_ENUM_CONVERSION = YES;
				CLANG_WARN_INT_CONVERSION = YES;
				CLANG_WARN_OBJC_ROOT_CLASS = YES_ERROR;
				CLANG_WARN_UNREACHABLE_CODE = YES;
				CLANG_WARN__DUPLICATE_METHOD_MATCH = YES;
				"CODE_SIGN_IDENTITY[sdk=iphoneos*]" = "iPhone Developer";
				COPY_PHASE_STRIP = NO;
				ENABLE_STRICT_OBJC_MSGSEND = YES;
				ENABLE_TESTABILITY = YES;
				GCC_C_LANGUAGE_STANDARD = gnu99;
				GCC_DYNAMIC_NO_PIC = NO;
				GCC_OPTIMIZATION_LEVEL = 0;
				GCC_PREPROCESSOR_DEFINITIONS = (
					"DEBUG=1",
					"$(inherited)",
				);
				GCC_SYMBOLS_PRIVATE_EXTERN = NO;
				GCC_WARN_64_TO_32_BIT_CONVERSION = YES;
				GCC_WARN_ABOUT_RETURN_TYPE = YES_ERROR;
				GCC_WARN_UNDECLARED_SELECTOR = YES;
				GCC_WARN_UNINITIALIZED_AUTOS = YES_AGGRESSIVE;
				GCC_WARN_UNUSED_FUNCTION = YES;
				GCC_WARN_UNUSED_VARIABLE = YES;
				IPHONEOS_DEPLOYMENT_TARGET = 9.1;
				MTL_ENABLE_DEBUG_INFO = YES;
				ONLY_ACTIVE_ARCH = YES;
				SDKROOT = iphoneos;
				SWIFT_OPTIMIZATION_LEVEL = "-Onone";
			};
			name = Debug;
		};
		A711D9481D1ADD6D0097A9EC /* Release */ = {
			isa = XCBuildConfiguration;
			buildSettings = {
				ALWAYS_SEARCH_USER_PATHS = NO;
				CLANG_CXX_LANGUAGE_STANDARD = "gnu++0x";
				CLANG_CXX_LIBRARY = "libc++";
				CLANG_ENABLE_MODULES = YES;
				CLANG_ENABLE_OBJC_ARC = YES;
				CLANG_WARN_BOOL_CONVERSION = YES;
				CLANG_WARN_CONSTANT_CONVERSION = YES;
				CLANG_WARN_DIRECT_OBJC_ISA_USAGE = YES_ERROR;
				CLANG_WARN_EMPTY_BODY = YES;
				CLANG_WARN_ENUM_CONVERSION = YES;
				CLANG_WARN_INT_CONVERSION = YES;
				CLANG_WARN_OBJC_ROOT_CLASS = YES_ERROR;
				CLANG_WARN_UNREACHABLE_CODE = YES;
				CLANG_WARN__DUPLICATE_METHOD_MATCH = YES;
				"CODE_SIGN_IDENTITY[sdk=iphoneos*]" = "iPhone Developer";
				COPY_PHASE_STRIP = YES;
				ENABLE_NS_ASSERTIONS = NO;
				ENABLE_STRICT_OBJC_MSGSEND = YES;
				GCC_C_LANGUAGE_STANDARD = gnu99;
				GCC_WARN_64_TO_32_BIT_CONVERSION = YES;
				GCC_WARN_ABOUT_RETURN_TYPE = YES_ERROR;
				GCC_WARN_UNDECLARED_SELECTOR = YES;
				GCC_WARN_UNINITIALIZED_AUTOS = YES_AGGRESSIVE;
				GCC_WARN_UNUSED_FUNCTION = YES;
				GCC_WARN_UNUSED_VARIABLE = YES;
				IPHONEOS_DEPLOYMENT_TARGET = 9.1;
				MTL_ENABLE_DEBUG_INFO = NO;
				SDKROOT = iphoneos;
				VALIDATE_PRODUCT = YES;
			};
			name = Release;
		};
		A711D94A1D1ADD6D0097A9EC /* Debug */ = {
			isa = XCBuildConfiguration;
			buildSettings = {
				ASSETCATALOG_COMPILER_APPICON_NAME = AppIcon;
				INFOPLIST_FILE = tips/Info.plist;
				IPHONEOS_DEPLOYMENT_TARGET = 8.1;
				LD_RUNPATH_SEARCH_PATHS = "$(inherited) @executable_path/Frameworks";
				PRODUCT_BUNDLE_IDENTIFIER = "com.kietchau.$(PRODUCT_NAME:rfc1034identifier)";
				PRODUCT_NAME = "$(TARGET_NAME)";
			};
			name = Debug;
		};
		A711D94B1D1ADD6D0097A9EC /* Release */ = {
			isa = XCBuildConfiguration;
			buildSettings = {
				ASSETCATALOG_COMPILER_APPICON_NAME = AppIcon;
				INFOPLIST_FILE = tips/Info.plist;
				IPHONEOS_DEPLOYMENT_TARGET = 8.1;
				LD_RUNPATH_SEARCH_PATHS = "$(inherited) @executable_path/Frameworks";
				PRODUCT_BUNDLE_IDENTIFIER = "com.kietchau.$(PRODUCT_NAME:rfc1034identifier)";
				PRODUCT_NAME = "$(TARGET_NAME)";
			};
			name = Release;
		};
		A711D94D1D1ADD6D0097A9EC /* Debug */ = {
			isa = XCBuildConfiguration;
			buildSettings = {
				BUNDLE_LOADER = "$(TEST_HOST)";
				FRAMEWORK_SEARCH_PATHS = (
					"$(SDKROOT)/Developer/Library/Frameworks",
					"$(inherited)",
				);
				GCC_PREPROCESSOR_DEFINITIONS = (
					"DEBUG=1",
					"$(inherited)",
				);
				INFOPLIST_FILE = tipsTests/Info.plist;
				LD_RUNPATH_SEARCH_PATHS = "$(inherited) @executable_path/Frameworks @loader_path/Frameworks";
				PRODUCT_BUNDLE_IDENTIFIER = "com.kietchau.$(PRODUCT_NAME:rfc1034identifier)";
				PRODUCT_NAME = "$(TARGET_NAME)";
				TEST_HOST = "$(BUILT_PRODUCTS_DIR)/tips.app/tips";
			};
			name = Debug;
		};
		A711D94E1D1ADD6D0097A9EC /* Release */ = {
			isa = XCBuildConfiguration;
			buildSettings = {
				BUNDLE_LOADER = "$(TEST_HOST)";
				FRAMEWORK_SEARCH_PATHS = (
					"$(SDKROOT)/Developer/Library/Frameworks",
					"$(inherited)",
				);
				INFOPLIST_FILE = tipsTests/Info.plist;
				LD_RUNPATH_SEARCH_PATHS = "$(inherited) @executable_path/Frameworks @loader_path/Frameworks";
				PRODUCT_BUNDLE_IDENTIFIER = "com.kietchau.$(PRODUCT_NAME:rfc1034identifier)";
				PRODUCT_NAME = "$(TARGET_NAME)";
				TEST_HOST = "$(BUILT_PRODUCTS_DIR)/tips.app/tips";
			};
			name = Release;
		};
/* End XCBuildConfiguration section */

/* Begin XCConfigurationList section */
		A711D9251D1ADD6C0097A9EC /* Build configuration list for PBXProject "tips" */ = {
			isa = XCConfigurationList;
			buildConfigurations = (
				A711D9471D1ADD6D0097A9EC /* Debug */,
				A711D9481D1ADD6D0097A9EC /* Release */,
			);
			defaultConfigurationIsVisible = 0;
			defaultConfigurationName = Release;
		};
		A711D9491D1ADD6D0097A9EC /* Build configuration list for PBXNativeTarget "tips" */ = {
			isa = XCConfigurationList;
			buildConfigurations = (
				A711D94A1D1ADD6D0097A9EC /* Debug */,
				A711D94B1D1ADD6D0097A9EC /* Release */,
			);
			defaultConfigurationIsVisible = 0;
			defaultConfigurationName = Release;
		};
		A711D94C1D1ADD6D0097A9EC /* Build configuration list for PBXNativeTarget "tipsTests" */ = {
			isa = XCConfigurationList;
			buildConfigurations = (
				A711D94D1D1ADD6D0097A9EC /* Debug */,
				A711D94E1D1ADD6D0097A9EC /* Release */,
			);
			defaultConfigurationIsVisible = 0;
			defaultConfigurationName = Release;
		};
/* End XCConfigurationList section */
	};
	rootObject = A711D9221D1ADD6C0097A9EC /* Project object */;
}
